
Microsoft Visual Studio Solution File, Format Version 12.00
# Visual Studio Version 17
VisualStudioVersion = 17.8.34511.84
MinimumVisualStudioVersion = 10.0.40219.1
Project("{FAE04EC0-301F-11D3-BF4B-00C04F79EFBC}") = "Calendar", "Calendar.csproj", "{5415C1C3-A33B-46A5-A7BF-92EAD2133634}"
EndProject
Global
	GlobalSection(SolutionConfigurationPlatforms) = preSolution
		Debug|Any CPU = Debug|Any CPU
		Release|Any CPU = Release|Any CPU
	EndGlobalSection
	GlobalSection(ProjectConfigurationPlatforms) = postSolution
		{5415C1C3-A33B-46A5-A7BF-92EAD2133634}.Debug|Any CPU.ActiveCfg = Debug|Any CPU
		{5415C1C3-A33B-46A5-A7BF-92EAD2133634}.Debug|Any CPU.Build.0 = Debug|Any CPU
		{5415C1C3-A33B-46A5-A7BF-92EAD2133634}.Release|Any CPU.ActiveCfg = Release|Any CPU
		{5415C1C3-A33B-46A5-A7BF-92EAD2133634}.Release|Any CPU.Build.0 = Release|Any CPU
	EndGlobalSection
	GlobalSection(SolutionProperties) = preSolution
		HideSolutionNode = FALSE
	EndGlobalSection
	GlobalSection(ExtensibilityGlobals) = postSolution
		SolutionGuid = {0923B7D4-B1BA-4501-A940-4E9FBE9ED7E3}
	EndGlobalSection
EndGlobal
